
Microsoft Visual Studio Solution File, Format Version 12.00
# Visual Studio Version 17
VisualStudioVersion = 17.13.35825.156 d17.13
MinimumVisualStudioVersion = 10.0.40219.1
Project("{FAE04EC0-301F-11D3-BF4B-00C04F79EFBC}") = "PartyInvitesApp", "PartyInvitesApp\PartyInvitesApp.csproj", "{DEC5EDF6-E2D7-421A-B9D3-7C796C05FAAB}"
EndProject
Global
	GlobalSection(SolutionConfigurationPlatforms) = preSolution
		Debug|Any CPU = Debug|Any CPU
		Release|Any CPU = Release|Any CPU
	EndGlobalSection
	GlobalSection(ProjectConfigurationPlatforms) = postSolution
		{DEC5EDF6-E2D7-421A-B9D3-7C796C05FAAB}.Debug|Any CPU.ActiveCfg = Debug|Any CPU
		{DEC5EDF6-E2D7-421A-B9D3-7C796C05FAAB}.Debug|Any CPU.Build.0 = Debug|Any CPU
		{DEC5EDF6-E2D7-421A-B9D3-7C796C05FAAB}.Release|Any CPU.ActiveCfg = Release|Any CPU
		{DEC5EDF6-E2D7-421A-B9D3-7C796C05FAAB}.Release|Any CPU.Build.0 = Release|Any CPU
	EndGlobalSection
	GlobalSection(SolutionProperties) = preSolution
		HideSolutionNode = FALSE
	EndGlobalSection
	GlobalSection(ExtensibilityGlobals) = postSolution
		SolutionGuid = {47063484-F213-4518-87D1-60FC9FB993BF}
	EndGlobalSection
EndGlobal
